{
    "name": "object-walker-js",
    "version": "1.0.1",
    "lockfileVersion": 3,
    "requires": true,
    "packages": {
        "": {
            "name": "object-walker-js",
            "version": "1.0.1",
            "license": "MIT",
            "dependencies": {
                "object-walker-js": "^1.0.0"
            },
            "devDependencies": {}
        },
        "node_modules/object-walker-js": {
            "version": "1.0.0",
            "resolved": "https://registry.npmjs.org/object-walker-js/-/object-walker-js-1.0.0.tgz",
            "integrity": "sha512-+gDUv0nGEchbkmsaya4uT/Yv/WzxdpgmkfD+xCbBDOmVPDOuuSoc1/RYm/6WcAS6ic12wVTSBbRtwFfc9mUnTA=="
        }
    }
}
