{
    "name": "object-walker-js",
    "version": "1.0.5",
    "lockfileVersion": 3,
    "requires": true,
    "packages": {
        "": {
            "name": "object-walker-js",
            "version": "1.0.5",
            "license": "MIT",
            "dependencies": {
                "object-walker-js": "^1.0.1"
            },
            "bin": {
                "object-walker-js": "src/index.js"
            }
        },
        "node_modules/object-walker-js": {
            "version": "1.0.1",
            "resolved": "https://registry.npmjs.org/object-walker-js/-/object-walker-js-1.0.1.tgz",
            "integrity": "sha512-k4cASWeSH/SkkEe2QUp6RAxsnRUugU1nPfpAfk0NZfDHfcgYLa0FpmmG30WeYzJkJFQmgfbVPXxcwpyXK1lf8w==",
            "dependencies": {
                "object-walker-js": "^1.0.0"
            },
            "bin": {
                "object-walker-js": "src/index.js"
            }
        }
    }
}
